{
    "_readme": [
        "This file locks the dependencies of your project to a known state",
        "Read more about it at http://getcomposer.org/doc/01-basic-usage.md#composer-lock-the-lock-file",
        "This file is @generated automatically"
    ],
    "hash": "8b5db105ab17f1599e46f7a1c051abdd",
    "packages": [
        {
            "name": "geoip/geoip",
            "version": "v1.14",
            "source": {
                "type": "git",
                "url": "https://github.com/maxmind/geoip-api-php.git",
                "reference": "465fe4d7e581871e9c8594adf3fb52268b253312"
            },
            "dist": {
                "type": "zip",
                "url": "https://api.github.com/repos/maxmind/geoip-api-php/zipball/465fe4d7e581871e9c8594adf3fb52268b253312",
                "reference": "465fe4d7e581871e9c8594adf3fb52268b253312",
                "shasum": ""
            },
            "conflict": {
                "ext-geoip": "*"
            },
            "type": "library",
            "autoload": {
                "files": [
                    "src/geoip.inc",
                    "src/geoipcity.inc"
                ]
            },
            "notification-url": "https://packagist.org/downloads/",
            "license": [
                "LGPL 2.1+"
            ],
            "authors": [
                {
                    "name": "MaxMind, Inc.",
                    "email": "support@maxmind.com",
                    "homepage": "http://www.maxmind.com/"
                }
            ],
            "description": "MaxMind GeoIP PHP API",
            "homepage": "http://dev.maxmind.com/geoip/legacy/downloadable",
            "keywords": [
                "geoip",
                "geolocation",
                "maxmind"
            ],
            "time": "2013-11-05 21:52:33"
        },
        {
            "name": "geoip2/geoip2",
            "version": "v0.7.0",
            "source": {
                "type": "git",
                "url": "https://github.com/maxmind/GeoIP2-php.git",
                "reference": "1925936b263b9fcafae1c980b956a2074e761e5f"
            },
            "dist": {
                "type": "zip",
                "url": "https://api.github.com/repos/maxmind/GeoIP2-php/zipball/1925936b263b9fcafae1c980b956a2074e761e5f",
                "reference": "1925936b263b9fcafae1c980b956a2074e761e5f",
                "shasum": ""
            },
            "require": {
                "guzzle/guzzle": "3.*",
                "maxmind-db/reader": "~0.3.1",
                "php": ">=5.3.1"
            },
            "require-dev": {
                "phpunit/phpunit": "4.1.*",
                "satooshi/php-coveralls": "dev-master"
            },
            "type": "library",
            "autoload": {
                "psr-0": {
                    "GeoIp2": "src/",
                    "JsonSerializable": "compat/"
                }
            },
            "notification-url": "https://packagist.org/downloads/",
            "license": [
                "Apache-2.0"
            ],
            "authors": [
                {
                    "name": "Gregory J. Oschwald",
                    "email": "goschwald@maxmind.com",
                    "homepage": "http://www.maxmind.com/"
                }
            ],
            "description": "MaxMind GeoIP2 PHP API",
            "homepage": "https://github.com/maxmind/GeoIP2-php",
            "keywords": [
                "IP",
                "geoip",
                "geoip2",
                "geolocation",
                "maxmind"
            ],
            "time": "2014-07-22 16:22:12"
        },
        {
            "name": "guzzle/guzzle",
            "version": "v3.9.2",
            "source": {
                "type": "git",
                "url": "https://github.com/guzzle/guzzle3.git",
                "reference": "54991459675c1a2924122afbb0e5609ade581155"
            },
            "dist": {
                "type": "zip",
                "url": "https://api.github.com/repos/guzzle/guzzle3/zipball/54991459675c1a2924122afbb0e5609ade581155",
                "reference": "54991459675c1a2924122afbb0e5609ade581155",
                "shasum": ""
            },
            "require": {
                "ext-curl": "*",
                "php": ">=5.3.3",
                "symfony/event-dispatcher": "~2.1"
            },
            "replace": {
                "guzzle/batch": "self.version",
                "guzzle/cache": "self.version",
                "guzzle/common": "self.version",
                "guzzle/http": "self.version",
                "guzzle/inflection": "self.version",
                "guzzle/iterator": "self.version",
                "guzzle/log": "self.version",
                "guzzle/parser": "self.version",
                "guzzle/plugin": "self.version",
                "guzzle/plugin-async": "self.version",
                "guzzle/plugin-backoff": "self.version",
                "guzzle/plugin-cache": "self.version",
                "guzzle/plugin-cookie": "self.version",
                "guzzle/plugin-curlauth": "self.version",
                "guzzle/plugin-error-response": "self.version",
                "guzzle/plugin-history": "self.version",
                "guzzle/plugin-log": "self.version",
                "guzzle/plugin-md5": "self.version",
                "guzzle/plugin-mock": "self.version",
                "guzzle/plugin-oauth": "self.version",
                "guzzle/service": "self.version",
                "guzzle/stream": "self.version"
            },
            "require-dev": {
                "doctrine/cache": "~1.3",
                "monolog/monolog": "~1.0",
                "phpunit/phpunit": "3.7.*",
                "psr/log": "~1.0",
                "symfony/class-loader": "~2.1",
                "zendframework/zend-cache": "2.*,<2.3",
                "zendframework/zend-log": "2.*,<2.3"
            },
            "type": "library",
            "extra": {
                "branch-alias": {
                    "dev-master": "3.9-dev"
                }
            },
            "autoload": {
                "psr-0": {
                    "Guzzle": "src/",
                    "Guzzle\\Tests": "tests/"
                }
            },
            "notification-url": "https://packagist.org/downloads/",
            "license": [
                "MIT"
            ],
            "authors": [
                {
                    "name": "Michael Dowling",
                    "email": "mtdowling@gmail.com",
                    "homepage": "https://github.com/mtdowling"
                },
                {
                    "name": "Guzzle Community",
                    "homepage": "https://github.com/guzzle/guzzle/contributors"
                }
            ],
            "description": "Guzzle is a PHP HTTP client library and framework for building RESTful web service clients",
            "homepage": "http://guzzlephp.org/",
            "keywords": [
                "client",
                "curl",
                "framework",
                "http",
                "http client",
                "rest",
                "web service"
            ],
            "time": "2014-08-11 04:32:36"
        },
        {
            "name": "maxmind-db/reader",
            "version": "v0.3.3",
            "source": {
                "type": "git",
                "url": "https://github.com/maxmind/MaxMind-DB-Reader-php.git",
                "reference": "a3beedfca5760fce03deb312c61491f612a51c17"
            },
            "dist": {
                "type": "zip",
                "url": "https://api.github.com/repos/maxmind/MaxMind-DB-Reader-php/zipball/a3beedfca5760fce03deb312c61491f612a51c17",
                "reference": "a3beedfca5760fce03deb312c61491f612a51c17",
                "shasum": ""
            },
            "require": {
                "php": ">=5.3.1"
            },
            "require-dev": {
                "phpunit/phpunit": "4.2.*",
                "satooshi/php-coveralls": "dev-master"
            },
            "type": "library",
            "autoload": {
                "psr-0": {
                    "MaxMind": "src/"
                }
            },
            "notification-url": "https://packagist.org/downloads/",
            "license": [
                "Apache-2.0"
            ],
            "authors": [
                {
                    "name": "Gregory J. Oschwald",
                    "email": "goschwald@maxmind.com",
                    "homepage": "http://www.maxmind.com/"
                }
            ],
            "description": "MaxMind DB Reader API",
            "homepage": "https://github.com/maxmind/MaxMind-DB-Reader-php",
            "keywords": [
                "database",
                "geoip",
                "geoip2",
                "geolocation",
                "maxmind"
            ],
            "time": "2014-09-15 17:25:43"
        },
        {
            "name": "segmentio/analytics-php",
            "version": "1.0.0",
            "source": {
                "type": "git",
                "url": "https://github.com/segmentio/analytics-php.git",
                "reference": "e464eaf090d799b0e71af65ea2465a0f89f37c41"
            },
            "dist": {
                "type": "zip",
                "url": "https://api.github.com/repos/segmentio/analytics-php/zipball/e464eaf090d799b0e71af65ea2465a0f89f37c41",
                "reference": "e464eaf090d799b0e71af65ea2465a0f89f37c41",
                "shasum": ""
            },
            "require": {
                "php": ">=5.3"
            },
            "require-dev": {
                "phpunit/phpunit": "3.7.*"
            },
            "type": "library",
            "autoload": {
                "files": [
                    "lib/Segment.php"
                ]
            },
            "notification-url": "https://packagist.org/downloads/",
            "license": [
                "MIT"
            ],
            "authors": [
                {
                    "name": "Segment.io <friends@segment.io>",
                    "homepage": "https://segment.io/"
                }
            ],
            "description": "Segmentio Analytics PHP Library",
            "homepage": "https://segment.io/libraries/php",
            "keywords": [
                "analytics",
                "analytics.js",
                "segmentio"
            ],
            "time": "2014-06-17 00:44:55"
        },
        {
            "name": "symfony/event-dispatcher",
            "version": "v2.5.4",
            "target-dir": "Symfony/Component/EventDispatcher",
            "source": {
                "type": "git",
                "url": "https://github.com/symfony/EventDispatcher.git",
                "reference": "8faf5cc7e80fde74a650a36e60d32ce3c3e0457b"
            },
            "dist": {
                "type": "zip",
                "url": "https://api.github.com/repos/symfony/EventDispatcher/zipball/8faf5cc7e80fde74a650a36e60d32ce3c3e0457b",
                "reference": "8faf5cc7e80fde74a650a36e60d32ce3c3e0457b",
                "shasum": ""
            },
            "require": {
                "php": ">=5.3.3"
            },
            "require-dev": {
                "psr/log": "~1.0",
                "symfony/config": "~2.0",
                "symfony/dependency-injection": "~2.0",
                "symfony/stopwatch": "~2.2"
            },
            "suggest": {
                "symfony/dependency-injection": "",
                "symfony/http-kernel": ""
            },
            "type": "library",
            "extra": {
                "branch-alias": {
                    "dev-master": "2.5-dev"
                }
            },
            "autoload": {
                "psr-0": {
                    "Symfony\\Component\\EventDispatcher\\": ""
                }
            },
            "notification-url": "https://packagist.org/downloads/",
            "license": [
                "MIT"
            ],
            "authors": [
                {
                    "name": "Symfony Community",
                    "homepage": "http://symfony.com/contributors"
                },
                {
                    "name": "Fabien Potencier",
                    "email": "fabien@symfony.com"
                }
            ],
            "description": "Symfony EventDispatcher Component",
            "homepage": "http://symfony.com",
            "time": "2014-07-28 13:20:46"
        },
        {
            "name": "userapp/userapp",
            "version": "1.2.2",
            "source": {
                "type": "git",
                "url": "https://github.com/userapp-io/userapp-php.git",
                "reference": "a1562d7dc37fce59124a71dbf2d22f4f73c8e9d4"
            },
            "dist": {
                "type": "zip",
                "url": "https://api.github.com/repos/userapp-io/userapp-php/zipball/a1562d7dc37fce59124a71dbf2d22f4f73c8e9d4",
                "reference": "a1562d7dc37fce59124a71dbf2d22f4f73c8e9d4",
                "shasum": ""
            },
            "require": {
                "php": ">=5.3.2"
            },
            "type": "library",
            "autoload": {
                "psr-0": {
                    "UserApp\\": "lib/"
                }
            },
            "notification-url": "https://packagist.org/downloads/",
            "license": [
                "MIT"
            ],
            "authors": [
                {
                    "name": "Robin Orheden",
                    "email": "robin.orheden@userapp.io",
                    "homepage": "https://www.userapp.io/"
                }
            ],
            "description": "PHP client library for UserApp.",
            "homepage": "http://github.com/userapp-io/userapp-php",
            "keywords": [
                "User management",
                "user authentication"
            ],
            "time": "2014-08-06 17:03:20"
        },
        {
            "name": "userapp/widget",
            "version": "0.6.7",
            "source": {
                "type": "git",
                "url": "https://github.com/userapp-io/userapp-php-widget.git",
                "reference": "b0d114ede022cfcc00ea67b0ca637bdafa64410a"
            },
            "dist": {
                "type": "zip",
                "url": "https://api.github.com/repos/userapp-io/userapp-php-widget/zipball/b0d114ede022cfcc00ea67b0ca637bdafa64410a",
                "reference": "b0d114ede022cfcc00ea67b0ca637bdafa64410a",
                "shasum": ""
            },
            "require": {
                "userapp/userapp": "1.*"
            },
            "type": "library",
            "autoload": {
                "psr-0": {
                    "UserApp\\Widget\\": "lib/"
                }
            },
            "notification-url": "https://packagist.org/downloads/",
            "license": [
                "MIT"
            ],
            "authors": [
                {
                    "name": "Robin Orheden",
                    "email": "robin.orheden@userapp.io",
                    "homepage": "https://www.userapp.io/"
                }
            ],
            "description": "PHP user widget for UserApp.",
            "homepage": "http://github.com/userapp-io/userapp-php-widget",
            "keywords": [
                "User management",
                "user authentication",
                "user helper"
            ],
            "time": "2014-08-07 04:15:15"
        }
    ],
    "packages-dev": [],
    "aliases": [],
    "minimum-stability": "stable",
    "stability-flags": [],
    "prefer-stable": false,
    "platform": [],
    "platform-dev": []
}
